
Microsoft Visual Studio Solution File, Format Version 12.00
# Visual Studio Version 16
VisualStudioVersion = 16.0.29209.62
MinimumVisualStudioVersion = 10.0.40219.1
Project("{FAE04EC0-301F-11D3-BF4B-00C04F79EFBC}") = "Battleship", "Battleship.csproj", "{8E3BAAA7-4863-4235-91F7-901A8CFB3ABD}"
EndProject
Project("{FAE04EC0-301F-11D3-BF4B-00C04F79EFBC}") = "BattleshipTests", "..\BattleshipTests\BattleshipTests.csproj", "{F72DA6FC-E967-404A-82E3-0115E9748C6C}"
EndProject
Global
	GlobalSection(SolutionConfigurationPlatforms) = preSolution
		Debug|Any CPU = Debug|Any CPU
		Release|Any CPU = Release|Any CPU
	EndGlobalSection
	GlobalSection(ProjectConfigurationPlatforms) = postSolution
		{8E3BAAA7-4863-4235-91F7-901A8CFB3ABD}.Debug|Any CPU.ActiveCfg = Debug|Any CPU
		{8E3BAAA7-4863-4235-91F7-901A8CFB3ABD}.Debug|Any CPU.Build.0 = Debug|Any CPU
		{8E3BAAA7-4863-4235-91F7-901A8CFB3ABD}.Release|Any CPU.ActiveCfg = Release|Any CPU
		{8E3BAAA7-4863-4235-91F7-901A8CFB3ABD}.Release|Any CPU.Build.0 = Release|Any CPU
		{F72DA6FC-E967-404A-82E3-0115E9748C6C}.Debug|Any CPU.ActiveCfg = Debug|Any CPU
		{F72DA6FC-E967-404A-82E3-0115E9748C6C}.Debug|Any CPU.Build.0 = Debug|Any CPU
		{F72DA6FC-E967-404A-82E3-0115E9748C6C}.Release|Any CPU.ActiveCfg = Release|Any CPU
		{F72DA6FC-E967-404A-82E3-0115E9748C6C}.Release|Any CPU.Build.0 = Release|Any CPU
	EndGlobalSection
	GlobalSection(SolutionProperties) = preSolution
		HideSolutionNode = FALSE
	EndGlobalSection
	GlobalSection(ExtensibilityGlobals) = postSolution
		SolutionGuid = {45FB7021-2C6E-4E21-890B-3B48E69E46D8}
	EndGlobalSection
EndGlobal
